
Microsoft Visual Studio Solution File, Format Version 12.00
# Visual Studio 14
VisualStudioVersion = 14.0.25420.1
MinimumVisualStudioVersion = 10.0.40219.1
Project("{2150E333-8FDC-42A3-9474-1A3956D46DE8}") = "src", "src", "{D6565F6C-569E-43D5-AECF-FAE28F007939}"
EndProject
Project("{2150E333-8FDC-42A3-9474-1A3956D46DE8}") = "Solution Items", "Solution Items", "{2BE0EF78-CAC6-4DAC-85CE-ED095730F942}"
	ProjectSection(SolutionItems) = preProject
		global.json = global.json
	EndProjectSection
EndProject
Project("{8BB2217D-0F2D-49D1-97BC-3654ED321F3B}") = "MouseController", "src\MouseController\MouseController.xproj", "{36F56B17-F71B-4709-A3CF-715A416562B0}"
EndProject
Global
	GlobalSection(SolutionConfigurationPlatforms) = preSolution
		Debug|Any CPU = Debug|Any CPU
		Release|Any CPU = Release|Any CPU
	EndGlobalSection
	GlobalSection(ProjectConfigurationPlatforms) = postSolution
		{36F56B17-F71B-4709-A3CF-715A416562B0}.Debug|Any CPU.ActiveCfg = Debug|Any CPU
		{36F56B17-F71B-4709-A3CF-715A416562B0}.Debug|Any CPU.Build.0 = Debug|Any CPU
		{36F56B17-F71B-4709-A3CF-715A416562B0}.Release|Any CPU.ActiveCfg = Release|Any CPU
		{36F56B17-F71B-4709-A3CF-715A416562B0}.Release|Any CPU.Build.0 = Release|Any CPU
	EndGlobalSection
	GlobalSection(SolutionProperties) = preSolution
		HideSolutionNode = FALSE
	EndGlobalSection
	GlobalSection(NestedProjects) = preSolution
		{36F56B17-F71B-4709-A3CF-715A416562B0} = {D6565F6C-569E-43D5-AECF-FAE28F007939}
	EndGlobalSection
EndGlobal
